# This file is automatically @generated by Poetry 1.4.0 and should not be changed by hand.

[[package]]
name = "future"
version = "0.18.3"
description = "Clean single-source support for Python 3 and 2"
category = "main"
optional = false
python-versions = ">=2.6, !=3.0.*, !=3.1.*, !=3.2.*"
files = [
    {file = "future-0.18.3.tar.gz", hash = "sha256:34a17436ed1e96697a86f9de3d15a3b0be01d8bc8de9c1dffd59fb8234ed5307"},
]

[[package]]
name = "http-request"
version = "1.2"
description = "A small python library to parse and build HTTP requests"
category = "main"
optional = false
python-versions = "*"
files = [
    {file = "http_request-1.2.tar.gz", hash = "sha256:99e16a392bb2728ad1e902f2c84674e44ed6b89bcbd92d2754fa3040028baae6"},
]

[package.dependencies]
future = "*"

[metadata]
lock-version = "2.0"
python-versions = "^3.11"
content-hash = "6327cadbf64c10cd009ba3c003b91075d85920c315058e19823b31cb78fd2576"
